
Microsoft Visual Studio Solution File, Format Version 12.00
Project("{FAE04EC0-301F-11D3-BF4B-00C04F79EFBC}") = "IquraStudyBE", "IquraStudyBE.csproj", "{74CF33B4-72C2-4C27-84C3-ADEF4EBA1CCF}"
EndProject
Project("{FAE04EC0-301F-11D3-BF4B-00C04F79EFBC}") = "NUnitTests", "..\NUnitTests\NUnitTests.csproj", "{10AEE340-43C5-45DD-8E15-2B495CDB986D}"
EndProject
Global
	GlobalSection(SolutionConfigurationPlatforms) = preSolution
		Debug|Any CPU = Debug|Any CPU
		Release|Any CPU = Release|Any CPU
	EndGlobalSection
	GlobalSection(ProjectConfigurationPlatforms) = postSolution
		{74CF33B4-72C2-4C27-84C3-ADEF4EBA1CCF}.Debug|Any CPU.ActiveCfg = Debug|Any CPU
		{74CF33B4-72C2-4C27-84C3-ADEF4EBA1CCF}.Debug|Any CPU.Build.0 = Debug|Any CPU
		{74CF33B4-72C2-4C27-84C3-ADEF4EBA1CCF}.Release|Any CPU.ActiveCfg = Release|Any CPU
		{74CF33B4-72C2-4C27-84C3-ADEF4EBA1CCF}.Release|Any CPU.Build.0 = Release|Any CPU
		{10AEE340-43C5-45DD-8E15-2B495CDB986D}.Debug|Any CPU.ActiveCfg = Debug|Any CPU
		{10AEE340-43C5-45DD-8E15-2B495CDB986D}.Debug|Any CPU.Build.0 = Debug|Any CPU
		{10AEE340-43C5-45DD-8E15-2B495CDB986D}.Release|Any CPU.ActiveCfg = Release|Any CPU
		{10AEE340-43C5-45DD-8E15-2B495CDB986D}.Release|Any CPU.Build.0 = Release|Any CPU
	EndGlobalSection
EndGlobal
